
Microsoft Visual Studio Solution File, Format Version 12.00
# Visual Studio 14
VisualStudioVersion = 14.0.25420.1
MinimumVisualStudioVersion = 10.0.40219.1
Project("{FAE04EC0-301F-11D3-BF4B-00C04F79EFBC}") = "Week3_day5", "Week3_day5\Week3_day5.csproj", "{68720B16-E82C-48DE-97F3-2E6473227F2A}"
EndProject
Global
	GlobalSection(SolutionConfigurationPlatforms) = preSolution
		Debug|Any CPU = Debug|Any CPU
		Release|Any CPU = Release|Any CPU
	EndGlobalSection
	GlobalSection(ProjectConfigurationPlatforms) = postSolution
		{68720B16-E82C-48DE-97F3-2E6473227F2A}.Debug|Any CPU.ActiveCfg = Debug|Any CPU
		{68720B16-E82C-48DE-97F3-2E6473227F2A}.Debug|Any CPU.Build.0 = Debug|Any CPU
		{68720B16-E82C-48DE-97F3-2E6473227F2A}.Release|Any CPU.ActiveCfg = Release|Any CPU
		{68720B16-E82C-48DE-97F3-2E6473227F2A}.Release|Any CPU.Build.0 = Release|Any CPU
	EndGlobalSection
	GlobalSection(SolutionProperties) = preSolution
		HideSolutionNode = FALSE
	EndGlobalSection
EndGlobal
